<?xml version="1.0" encoding="utf-8"?>
<Project ToolsVersion="4.0" xmlns="http://schemas.microsoft.com/developer/msbuild/2003">
  <ItemGroup>
    <Filter Include="src">
      <UniqueIdentifier>{4FC737F1-C7A5-4376-A066-2A32D752A2FF}</UniqueIdentifier>
      <Extensions>cpp;c;cc;cxx;c++;cppm;ixx;def;odl;idl;hpj;bat;asm;asmx</Extensions>
    </Filter>
    <Filter Include="res">
      <UniqueIdentifier>{880d6433-b719-402c-940a-3fe43b58e429}</UniqueIdentifier>
    </Filter>
    <Filter Include="src\build">
      <UniqueIdentifier>{e4c13733-71be-43c7-abce-f2a0d7bb13ca}</UniqueIdentifier>
    </Filter>
    <Filter Include="src\tplmgr">
      <UniqueIdentifier>{8cb15b02-fd53-4aae-a81f-4247078681f0}</UniqueIdentifier>
    </Filter>
    <Filter Include="misc">
      <UniqueIdentifier>{37c50782-acde-451b-8b14-ea091a6d1a0e}</UniqueIdentifier>
    </Filter>
  </ItemGroup>
  <ItemGroup>
    <ResourceCompile Include="res\tplmgr.rc">
      <Filter>res</Filter>
    </ResourceCompile>
  </ItemGroup>
  <ItemGroup>
    <ClInclude Include="res\resource.h">
      <Filter>res</Filter>
    </ClInclude>
    <ClInclude Include="src\build\tplmgr_fwk.hpp">
      <Filter>src\build</Filter>
    </ClInclude>
    <ClInclude Include="src\build\tplmgr_pch.hpp">
      <Filter>src\build</Filter>
    </ClInclude>
    <ClInclude Include="src\tplmgr\core.hpp">
      <Filter>src\tplmgr</Filter>
    </ClInclude>
    <ClInclude Include="src\tplmgr\utils.hpp">
      <Filter>src\tplmgr</Filter>
    </ClInclude>
    <ClInclude Include="src\tplmgr\thread.hpp">
      <Filter>src\tplmgr</Filter>
    </ClInclude>
    <ClInclude Include="src\tplmgr\thread_pool.hpp">
      <Filter>src\tplmgr</Filter>
    </ClInclude>
    <ClInclude Include="src\tplmgr\shared_lock.hpp">
      <Filter>src\tplmgr</Filter>
    </ClInclude>
    <ClInclude Include="src\tplmgr\shared_queue.hpp">
      <Filter>src\tplmgr</Filter>
    </ClInclude>
    <ClInclude Include="src\tplmgr\allocator.hpp">
      <Filter>src\tplmgr</Filter>
    </ClInclude>
    <ClInclude Include="src\tplmgr\async.hpp">
      <Filter>src\tplmgr</Filter>
    </ClInclude>
  </ItemGroup>
  <ItemGroup>
    <ClCompile Include="src\build\main.cpp">
      <Filter>src\build</Filter>
    </ClCompile>
    <ClCompile Include="src\build\tplmgr_pch.cpp">
      <Filter>src\build</Filter>
    </ClCompile>
    <ClCompile Include="src\tplmgr\shared_lock.cpp">
      <Filter>src\tplmgr</Filter>
    </ClCompile>
    <ClCompile Include="src\tplmgr\allocator.cpp">
      <Filter>src\tplmgr</Filter>
    </ClCompile>
    <ClCompile Include="src\tplmgr\thread.cpp">
      <Filter>src\tplmgr</Filter>
    </ClCompile>
    <ClCompile Include="src\tplmgr\thread_pool.cpp">
      <Filter>src\tplmgr</Filter>
    </ClCompile>
  </ItemGroup>
  <ItemGroup>
    <None Include="..\..\..\README.md">
      <Filter>misc</Filter>
    </None>
  </ItemGroup>
</Project>