
Microsoft Visual Studio Solution File, Format Version 12.00
# Visual Studio Version 17
VisualStudioVersion = 17.5.33402.96
MinimumVisualStudioVersion = 10.0.40219.1
Project("{8BC9CEB8-8B4A-11D0-8D11-00A0C91BC942}") = "tplmgr", "tplmgr\tplmgr.vcxproj", "{53075A43-D148-4567-8936-76CD75B02BBB}"
EndProject
Global
	GlobalSection(SolutionConfigurationPlatforms) = preSolution
		Debug|x64 = Debug|x64
		Debug|x86 = Debug|x86
		Release|x64 = Release|x64
		Release|x86 = Release|x86
	EndGlobalSection
	GlobalSection(ProjectConfigurationPlatforms) = postSolution
		{53075A43-D148-4567-8936-76CD75B02BBB}.Debug|x64.ActiveCfg = Debug|x64
		{53075A43-D148-4567-8936-76CD75B02BBB}.Debug|x64.Build.0 = Debug|x64
		{53075A43-D148-4567-8936-76CD75B02BBB}.Debug|x86.ActiveCfg = Debug|Win32
		{53075A43-D148-4567-8936-76CD75B02BBB}.Debug|x86.Build.0 = Debug|Win32
		{53075A43-D148-4567-8936-76CD75B02BBB}.Release|x64.ActiveCfg = Release|x64
		{53075A43-D148-4567-8936-76CD75B02BBB}.Release|x64.Build.0 = Release|x64
		{53075A43-D148-4567-8936-76CD75B02BBB}.Release|x86.ActiveCfg = Release|Win32
		{53075A43-D148-4567-8936-76CD75B02BBB}.Release|x86.Build.0 = Release|Win32
	EndGlobalSection
	GlobalSection(SolutionProperties) = preSolution
		HideSolutionNode = FALSE
	EndGlobalSection
	GlobalSection(ExtensibilityGlobals) = postSolution
		SolutionGuid = {0D343692-68F8-46BE-A66E-16261795B120}
	EndGlobalSection
EndGlobal
